
Microsoft Visual Studio Solution File, Format Version 12.00
# Visual Studio Version 16
VisualStudioVersion = 16.0.31112.23
MinimumVisualStudioVersion = 10.0.40219.1
Project("{8BC9CEB8-8B4A-11D0-8D11-00A0C91BC942}") = "InsertSort", "SortAllSolution\SortAllSolution.vcxproj", "{0F133D45-DA53-4E54-B20F-25C368D97F21}"
EndProject
Project("{8BC9CEB8-8B4A-11D0-8D11-00A0C91BC942}") = "ExchangeSort", "ExchangeSort\ExchangeSort.vcxproj", "{E270996D-3003-44EE-8600-1C4A9B6B89AD}"
EndProject
Project("{8BC9CEB8-8B4A-11D0-8D11-00A0C91BC942}") = "SelectSort", "SelectSort\SelectSort.vcxproj", "{D5599A09-2D5C-4822-9CAC-195B8F263B7D}"
EndProject
Global
	GlobalSection(SolutionConfigurationPlatforms) = preSolution
		Debug|x64 = Debug|x64
		Debug|x86 = Debug|x86
		Release|x64 = Release|x64
		Release|x86 = Release|x86
	EndGlobalSection
	GlobalSection(ProjectConfigurationPlatforms) = postSolution
		{0F133D45-DA53-4E54-B20F-25C368D97F21}.Debug|x64.ActiveCfg = Debug|x64
		{0F133D45-DA53-4E54-B20F-25C368D97F21}.Debug|x64.Build.0 = Debug|x64
		{0F133D45-DA53-4E54-B20F-25C368D97F21}.Debug|x86.ActiveCfg = Debug|Win32
		{0F133D45-DA53-4E54-B20F-25C368D97F21}.Debug|x86.Build.0 = Debug|Win32
		{0F133D45-DA53-4E54-B20F-25C368D97F21}.Release|x64.ActiveCfg = Release|x64
		{0F133D45-DA53-4E54-B20F-25C368D97F21}.Release|x64.Build.0 = Release|x64
		{0F133D45-DA53-4E54-B20F-25C368D97F21}.Release|x86.ActiveCfg = Release|Win32
		{0F133D45-DA53-4E54-B20F-25C368D97F21}.Release|x86.Build.0 = Release|Win32
		{E270996D-3003-44EE-8600-1C4A9B6B89AD}.Debug|x64.ActiveCfg = Debug|x64
		{E270996D-3003-44EE-8600-1C4A9B6B89AD}.Debug|x64.Build.0 = Debug|x64
		{E270996D-3003-44EE-8600-1C4A9B6B89AD}.Debug|x86.ActiveCfg = Debug|Win32
		{E270996D-3003-44EE-8600-1C4A9B6B89AD}.Debug|x86.Build.0 = Debug|Win32
		{E270996D-3003-44EE-8600-1C4A9B6B89AD}.Release|x64.ActiveCfg = Release|x64
		{E270996D-3003-44EE-8600-1C4A9B6B89AD}.Release|x64.Build.0 = Release|x64
		{E270996D-3003-44EE-8600-1C4A9B6B89AD}.Release|x86.ActiveCfg = Release|Win32
		{E270996D-3003-44EE-8600-1C4A9B6B89AD}.Release|x86.Build.0 = Release|Win32
		{D5599A09-2D5C-4822-9CAC-195B8F263B7D}.Debug|x64.ActiveCfg = Debug|x64
		{D5599A09-2D5C-4822-9CAC-195B8F263B7D}.Debug|x64.Build.0 = Debug|x64
		{D5599A09-2D5C-4822-9CAC-195B8F263B7D}.Debug|x86.ActiveCfg = Debug|Win32
		{D5599A09-2D5C-4822-9CAC-195B8F263B7D}.Debug|x86.Build.0 = Debug|Win32
		{D5599A09-2D5C-4822-9CAC-195B8F263B7D}.Release|x64.ActiveCfg = Release|x64
		{D5599A09-2D5C-4822-9CAC-195B8F263B7D}.Release|x64.Build.0 = Release|x64
		{D5599A09-2D5C-4822-9CAC-195B8F263B7D}.Release|x86.ActiveCfg = Release|Win32
		{D5599A09-2D5C-4822-9CAC-195B8F263B7D}.Release|x86.Build.0 = Release|Win32
	EndGlobalSection
	GlobalSection(SolutionProperties) = preSolution
		HideSolutionNode = FALSE
	EndGlobalSection
	GlobalSection(ExtensibilityGlobals) = postSolution
		SolutionGuid = {F9372617-85B1-4E46-A9A3-B2C360C2859F}
	EndGlobalSection
EndGlobal
